
Microsoft Visual Studio Solution File, Format Version 12.00
# Visual Studio Version 17
VisualStudioVersion = 17.7.34003.232
MinimumVisualStudioVersion = 10.0.40219.1
Project("{FAE04EC0-301F-11D3-BF4B-00C04F79EFBC}") = "AdoNet_shambala_practica_appconfig", "AdoNet_shambala_practica_appconfig.csproj", "{487AFF86-9ACC-4929-A2BF-7A55218A3B55}"
EndProject
Global
	GlobalSection(SolutionConfigurationPlatforms) = preSolution
		Debug|Any CPU = Debug|Any CPU
		Release|Any CPU = Release|Any CPU
	EndGlobalSection
	GlobalSection(ProjectConfigurationPlatforms) = postSolution
		{487AFF86-9ACC-4929-A2BF-7A55218A3B55}.Debug|Any CPU.ActiveCfg = Debug|Any CPU
		{487AFF86-9ACC-4929-A2BF-7A55218A3B55}.Debug|Any CPU.Build.0 = Debug|Any CPU
		{487AFF86-9ACC-4929-A2BF-7A55218A3B55}.Release|Any CPU.ActiveCfg = Release|Any CPU
		{487AFF86-9ACC-4929-A2BF-7A55218A3B55}.Release|Any CPU.Build.0 = Release|Any CPU
	EndGlobalSection
	GlobalSection(SolutionProperties) = preSolution
		HideSolutionNode = FALSE
	EndGlobalSection
	GlobalSection(ExtensibilityGlobals) = postSolution
		SolutionGuid = {FD727A06-DD75-44F2-B323-4895605241CB}
	EndGlobalSection
EndGlobal
